// !$*UTF8*$!
{
	archiveVersion = 1;
	classes = {
	};
	objectVersion = 48;
	objects = {

/* Begin PBXBuildFile section */
		14DECB4420A7E41600B4758D /* AppDelegate.m in Sources */ = {isa = PBXBuildFile; fileRef = 14DECB4320A7E41600B4758D /* AppDelegate.m */; };
		14DECB4720A7E41600B4758D /* ViewController.m in Sources */ = {isa = PBXBuildFile; fileRef = 14DECB4620A7E41600B4758D /* ViewController.m */; };
		14DECB4A20A7E41600B4758D /* Main.storyboard in Resources */ = {isa = PBXBuildFile; fileRef = 14DECB4820A7E41600B4758D /* Main.storyboard */; };
		14DECB4C20A7E41600B4758D /* Assets.xcassets in Resources */ = {isa = PBXBuildFile; fileRef = 14DECB4B20A7E41600B4758D /* Assets.xcassets */; };
		14DECB4F20A7E41600B4758D /* LaunchScreen.storyboard in Resources */ = {isa = PBXBuildFile; fileRef = 14DECB4D20A7E41600B4758D /* LaunchScreen.storyboard */; };
		14DECB5220A7E41600B4758D /* main.m in Sources */ = {isa = PBXBuildFile; fileRef = 14DECB5120A7E41600B4758D /* main.m */; };
		14DECB5B20A7E49500B4758D /* DGCETableViewHeaderView.m in Sources */ = {isa = PBXBuildFile; fileRef = 14DECB5920A7E49500B4758D /* DGCETableViewHeaderView.m */; };
/* End PBXBuildFile section */

/* Begin PBXFileReference section */
		14DECB3F20A7E41600B4758D /* DGCETableViewHeaderView.app */ = {isa = PBXFileReference; explicitFileType = wrapper.application; includeInIndex = 0; path = DGCETableViewHeaderView.app; sourceTree = BUILT_PRODUCTS_DIR; };
		14DECB4220A7E41600B4758D /* AppDelegate.h */ = {isa = PBXFileReference; lastKnownFileType = sourcecode.c.h; path = AppDelegate.h; sourceTree = "<group>"; };
		14DECB4320A7E41600B4758D /* AppDelegate.m */ = {isa = PBXFileReference; lastKnownFileType = sourcecode.c.objc; path = AppDelegate.m; sourceTree = "<group>"; };
		14DECB4520A7E41600B4758D /* ViewController.h */ = {isa = PBXFileReference; lastKnownFileType = sourcecode.c.h; path = ViewController.h; sourceTree = "<group>"; };
		14DECB4620A7E41600B4758D /* ViewController.m */ = {isa = PBXFileReference; lastKnownFileType = sourcecode.c.objc; path = ViewController.m; sourceTree = "<group>"; };
		14DECB4920A7E41600B4758D /* Base */ = {isa = PBXFileReference; lastKnownFileType = file.storyboard; name = Base; path = Base.lproj/Main.storyboard; sourceTree = "<group>"; };
		14DECB4B20A7E41600B4758D /* Assets.xcassets */ = {isa = PBXFileReference; lastKnownFileType = folder.assetcatalog; path = Assets.xcassets; sourceTree = "<group>"; };
		14DECB4E20A7E41600B4758D /* Base */ = {isa = PBXFileReference; lastKnownFileType = file.storyboard; name = Base; path = Base.lproj/LaunchScreen.storyboard; sourceTree = "<group>"; };
		14DECB5020A7E41600B4758D /* Info.plist */ = {isa = PBXFileReference; lastKnownFileType = text.plist.xml; path = Info.plist; sourceTree = "<group>"; };
		14DECB5120A7E41600B4758D /* main.m */ = {isa = PBXFileReference; lastKnownFileType = sourcecode.c.objc; path = main.m; sourceTree = "<group>"; };
		14DECB5920A7E49500B4758D /* DGCETableViewHeaderView.m */ = {isa = PBXFileReference; fileEncoding = 4; lastKnownFileType = sourcecode.c.objc; path = DGCETableViewHeaderView.m; sourceTree = "<group>"; };
		14DECB5A20A7E49500B4758D /* DGCETableViewHeaderView.h */ = {isa = PBXFileReference; fileEncoding = 4; lastKnownFileType = sourcecode.c.h; path = DGCETableViewHeaderView.h; sourceTree = "<group>"; };
/* End PBXFileReference section */

/* Begin PBXFrameworksBuildPhase section */
		14DECB3C20A7E41600B4758D /* Frameworks */ = {
			isa = PBXFrameworksBuildPhase;
			buildActionMask = 2147483647;
			files = (
			);
			runOnlyForDeploymentPostprocessing = 0;
		};
/* End PBXFrameworksBuildPhase section */

/* Begin PBXGroup section */
		14DECB3620A7E41600B4758D = {
			isa = PBXGroup;
			children = (
				14DECB4120A7E41600B4758D /* DGCETableViewHeaderView */,
				14DECB4020A7E41600B4758D /* Products */,
			);
			sourceTree = "<group>";
		};
		14DECB4020A7E41600B4758D /* Products */ = {
			isa = PBXGroup;
			children = (
				14DECB3F20A7E41600B4758D /* DGCETableViewHeaderView.app */,
			);
			name = Products;
			sourceTree = "<group>";
		};
		14DECB4120A7E41600B4758D /* DGCETableViewHeaderView */ = {
			isa = PBXGroup;
			children = (
				14DECB4220A7E41600B4758D /* AppDelegate.h */,
				14DECB4320A7E41600B4758D /* AppDelegate.m */,
				14DECB4520A7E41600B4758D /* ViewController.h */,
				14DECB4620A7E41600B4758D /* ViewController.m */,
				14DECB4820A7E41600B4758D /* Main.storyboard */,
				14DECB4B20A7E41600B4758D /* Assets.xcassets */,
				14DECB4D20A7E41600B4758D /* LaunchScreen.storyboard */,
				14DECB5020A7E41600B4758D /* Info.plist */,
				14DECB5120A7E41600B4758D /* main.m */,
				14DECB5820A7E47300B4758D /* DGCETableViewHeaderView */,
			);
			path = DGCETableViewHeaderView;
			sourceTree = "<group>";
		};
		14DECB5820A7E47300B4758D /* DGCETableViewHeaderView */ = {
			isa = PBXGroup;
			children = (
				14DECB5A20A7E49500B4758D /* DGCETableViewHeaderView.h */,
				14DECB5920A7E49500B4758D /* DGCETableViewHeaderView.m */,
			);
			path = DGCETableViewHeaderView;
			sourceTree = "<group>";
		};
/* End PBXGroup section */

/* Begin PBXNativeTarget section */
		14DECB3E20A7E41600B4758D /* DGCETableViewHeaderView */ = {
			isa = PBXNativeTarget;
			buildConfigurationList = 14DECB5520A7E41600B4758D /* Build configuration list for PBXNativeTarget "DGCETableViewHeaderView" */;
			buildPhases = (
				14DECB3B20A7E41600B4758D /* Sources */,
				14DECB3C20A7E41600B4758D /* Frameworks */,
				14DECB3D20A7E41600B4758D /* Resources */,
			);
			buildRules = (
			);
			dependencies = (
			);
			name = DGCETableViewHeaderView;
			productName = DGCETableViewHeaderView;
			productReference = 14DECB3F20A7E41600B4758D /* DGCETableViewHeaderView.app */;
			productType = "com.apple.product-type.application";
		};
/* End PBXNativeTarget section */

/* Begin PBXProject section */
		14DECB3720A7E41600B4758D /* Project object */ = {
			isa = PBXProject;
			attributes = {
				LastUpgradeCheck = 0920;
				ORGANIZATIONNAME = Daniate;
				TargetAttributes = {
					14DECB3E20A7E41600B4758D = {
						CreatedOnToolsVersion = 9.2;
						ProvisioningStyle = Automatic;
					};
				};
			};
			buildConfigurationList = 14DECB3A20A7E41600B4758D /* Build configuration list for PBXProject "DGCETableViewHeaderView" */;
			compatibilityVersion = "Xcode 8.0";
			developmentRegion = en;
			hasScannedForEncodings = 0;
			knownRegions = (
				en,
				Base,
			);
			mainGroup = 14DECB3620A7E41600B4758D;
			productRefGroup = 14DECB4020A7E41600B4758D /* Products */;
			projectDirPath = "";
			projectRoot = "";
			targets = (
				14DECB3E20A7E41600B4758D /* DGCETableViewHeaderView */,
			);
		};
/* End PBXProject section */

/* Begin PBXResourcesBuildPhase section */
		14DECB3D20A7E41600B4758D /* Resources */ = {
			isa = PBXResourcesBuildPhase;
			buildActionMask = 2147483647;
			files = (
				14DECB4F20A7E41600B4758D /* LaunchScreen.storyboard in Resources */,
				14DECB4C20A7E41600B4758D /* Assets.xcassets in Resources */,
				14DECB4A20A7E41600B4758D /* Main.storyboard in Resources */,
			);
			runOnlyForDeploymentPostprocessing = 0;
		};
/* End PBXResourcesBuildPhase section */

/* Begin PBXSourcesBuildPhase section */
		14DECB3B20A7E41600B4758D /* Sources */ = {
			isa = PBXSourcesBuildPhase;
			buildActionMask = 2147483647;
			files = (
				14DECB4720A7E41600B4758D /* ViewController.m in Sources */,
				14DECB5B20A7E49500B4758D /* DGCETableViewHeaderView.m in Sources */,
				14DECB5220A7E41600B4758D /* main.m in Sources */,
				14DECB4420A7E41600B4758D /* AppDelegate.m in Sources */,
			);
			runOnlyForDeploymentPostprocessing = 0;
		};
/* End PBXSourcesBuildPhase section */

/* Begin PBXVariantGroup section */
		14DECB4820A7E41600B4758D /* Main.storyboard */ = {
			isa = PBXVariantGroup;
			children = (
				14DECB4920A7E41600B4758D /* Base */,
			);
			name = Main.storyboard;
			sourceTree = "<group>";
		};
		14DECB4D20A7E41600B4758D /* LaunchScreen.storyboard */ = {
			isa = PBXVariantGroup;
			children = (
				14DECB4E20A7E41600B4758D /* Base */,
			);
			name = LaunchScreen.storyboard;
			sourceTree = "<group>";
		};
/* End PBXVariantGroup section */

/* Begin XCBuildConfiguration section */
		14DECB5320A7E41600B4758D /* Debug */ = {
			isa = XCBuildConfiguration;
			buildSettings = {
				ALWAYS_SEARCH_USER_PATHS = NO;
				CLANG_ANALYZER_NONNULL = YES;
				CLANG_ANALYZER_NUMBER_OBJECT_CONVERSION = YES_AGGRESSIVE;
				CLANG_CXX_LANGUAGE_STANDARD = "gnu++14";
				CLANG_CXX_LIBRARY = "libc++";
				CLANG_ENABLE_MODULES = YES;
				CLANG_ENABLE_OBJC_ARC = YES;
				CLANG_WARN_BLOCK_CAPTURE_AUTORELEASING = YES;
				CLANG_WARN_BOOL_CONVERSION = YES;
				CLANG_WARN_COMMA = YES;
				CLANG_WARN_CONSTANT_CONVERSION = YES;
				CLANG_WARN_DIRECT_OBJC_ISA_USAGE = YES_ERROR;
				CLANG_WARN_DOCUMENTATION_COMMENTS = YES;
				CLANG_WARN_EMPTY_BODY = YES;
				CLANG_WARN_ENUM_CONVERSION = YES;
				CLANG_WARN_INFINITE_RECURSION = YES;
				CLANG_WARN_INT_CONVERSION = YES;
				CLANG_WARN_NON_LITERAL_NULL_CONVERSION = YES;
				CLANG_WARN_OBJC_LITERAL_CONVERSION = YES;
				CLANG_WARN_OBJC_ROOT_CLASS = YES_ERROR;
				CLANG_WARN_RANGE_LOOP_ANALYSIS = YES;
				CLANG_WARN_STRICT_PROTOTYPES = YES;
				CLANG_WARN_SUSPICIOUS_MOVE = YES;
				CLANG_WARN_UNGUARDED_AVAILABILITY = YES_AGGRESSIVE;
				CLANG_WARN_UNREACHABLE_CODE = YES;
				CLANG_WARN__DUPLICATE_METHOD_MATCH = YES;
				CODE_SIGN_IDENTITY = "iPhone Developer";
				COPY_PHASE_STRIP = NO;
				DEBUG_INFORMATION_FORMAT = dwarf;
				ENABLE_STRICT_OBJC_MSGSEND = YES;
				ENABLE_TESTABILITY = YES;
				GCC_C_LANGUAGE_STANDARD = gnu11;
				GCC_DYNAMIC_NO_PIC = NO;
				GCC_NO_COMMON_BLOCKS = YES;
				GCC_OPTIMIZATION_LEVEL = 0;
				GCC_PREPROCESSOR_DEFINITIONS = (
					"DEBUG=1",
					"$(inherited)",
				);
				GCC_WARN_64_TO_32_BIT_CONVERSION = YES;
				GCC_WARN_ABOUT_RETURN_TYPE = YES_ERROR;
				GCC_WARN_UNDECLARED_SELECTOR = YES;
				GCC_WARN_UNINITIALIZED_AUTOS = YES_AGGRESSIVE;
				GCC_WARN_UNUSED_FUNCTION = YES;
				GCC_WARN_UNUSED_VARIABLE = YES;
				IPHONEOS_DEPLOYMENT_TARGET = 11.2;
				MTL_ENABLE_DEBUG_INFO = YES;
				ONLY_ACTIVE_ARCH = YES;
				SDKROOT = iphoneos;
			};
			name = Debug;
		};
		14DECB5420A7E41600B4758D /* Release */ = {
			isa = XCBuildConfiguration;
			buildSettings = {
				ALWAYS_SEARCH_USER_PATHS = NO;
				CLANG_ANALYZER_NONNULL = YES;
				CLANG_ANALYZER_NUMBER_OBJECT_CONVERSION = YES_AGGRESSIVE;
				CLANG_CXX_LANGUAGE_STANDARD = "gnu++14";
				CLANG_CXX_LIBRARY = "libc++";
				CLANG_ENABLE_MODULES = YES;
				CLANG_ENABLE_OBJC_ARC = YES;
				CLANG_WARN_BLOCK_CAPTURE_AUTORELEASING = YES;
				CLANG_WARN_BOOL_CONVERSION = YES;
				CLANG_WARN_COMMA = YES;
				CLANG_WARN_CONSTANT_CONVERSION = YES;
				CLANG_WARN_DIRECT_OBJC_ISA_USAGE = YES_ERROR;
				CLANG_WARN_DOCUMENTATION_COMMENTS = YES;
				CLANG_WARN_EMPTY_BODY = YES;
				CLANG_WARN_ENUM_CONVERSION = YES;
				CLANG_WARN_INFINITE_RECURSION = YES;
				CLANG_WARN_INT_CONVERSION = YES;
				CLANG_WARN_NON_LITERAL_NULL_CONVERSION = YES;
				CLANG_WARN_OBJC_LITERAL_CONVERSION = YES;
				CLANG_WARN_OBJC_ROOT_CLASS = YES_ERROR;
				CLANG_WARN_RANGE_LOOP_ANALYSIS = YES;
				CLANG_WARN_STRICT_PROTOTYPES = YES;
				CLANG_WARN_SUSPICIOUS_MOVE = YES;
				CLANG_WARN_UNGUARDED_AVAILABILITY = YES_AGGRESSIVE;
				CLANG_WARN_UNREACHABLE_CODE = YES;
				CLANG_WARN__DUPLICATE_METHOD_MATCH = YES;
				CODE_SIGN_IDENTITY = "iPhone Developer";
				COPY_PHASE_STRIP = NO;
				DEBUG_INFORMATION_FORMAT = "dwarf-with-dsym";
				ENABLE_NS_ASSERTIONS = NO;
				ENABLE_STRICT_OBJC_MSGSEND = YES;
				GCC_C_LANGUAGE_STANDARD = gnu11;
				GCC_NO_COMMON_BLOCKS = YES;
				GCC_WARN_64_TO_32_BIT_CONVERSION = YES;
				GCC_WARN_ABOUT_RETURN_TYPE = YES_ERROR;
				GCC_WARN_UNDECLARED_SELECTOR = YES;
				GCC_WARN_UNINITIALIZED_AUTOS = YES_AGGRESSIVE;
				GCC_WARN_UNUSED_FUNCTION = YES;
				GCC_WARN_UNUSED_VARIABLE = YES;
				IPHONEOS_DEPLOYMENT_TARGET = 11.2;
				MTL_ENABLE_DEBUG_INFO = NO;
				SDKROOT = iphoneos;
				VALIDATE_PRODUCT = YES;
			};
			name = Release;
		};
		14DECB5620A7E41600B4758D /* Debug */ = {
			isa = XCBuildConfiguration;
			buildSettings = {
				ASSETCATALOG_COMPILER_APPICON_NAME = AppIcon;
				CODE_SIGN_STYLE = Automatic;
				DEVELOPMENT_TEAM = TUMV96N6ER;
				INFOPLIST_FILE = DGCETableViewHeaderView/Info.plist;
				IPHONEOS_DEPLOYMENT_TARGET = 11.0;
				LD_RUNPATH_SEARCH_PATHS = "$(inherited) @executable_path/Frameworks";
				PRODUCT_BUNDLE_IDENTIFIER = com.daniate.appp;
				PRODUCT_NAME = "$(TARGET_NAME)";
				TARGETED_DEVICE_FAMILY = 1;
				WARNING_CFLAGS = "";
			};
			name = Debug;
		};
		14DECB5720A7E41600B4758D /* Release */ = {
			isa = XCBuildConfiguration;
			buildSettings = {
				ASSETCATALOG_COMPILER_APPICON_NAME = AppIcon;
				CODE_SIGN_STYLE = Automatic;
				DEVELOPMENT_TEAM = TUMV96N6ER;
				INFOPLIST_FILE = DGCETableViewHeaderView/Info.plist;
				IPHONEOS_DEPLOYMENT_TARGET = 11.0;
				LD_RUNPATH_SEARCH_PATHS = "$(inherited) @executable_path/Frameworks";
				PRODUCT_BUNDLE_IDENTIFIER = com.daniate.appp;
				PRODUCT_NAME = "$(TARGET_NAME)";
				TARGETED_DEVICE_FAMILY = 1;
			};
			name = Release;
		};
/* End XCBuildConfiguration section */

/* Begin XCConfigurationList section */
		14DECB3A20A7E41600B4758D /* Build configuration list for PBXProject "DGCETableViewHeaderView" */ = {
			isa = XCConfigurationList;
			buildConfigurations = (
				14DECB5320A7E41600B4758D /* Debug */,
				14DECB5420A7E41600B4758D /* Release */,
			);
			defaultConfigurationIsVisible = 0;
			defaultConfigurationName = Release;
		};
		14DECB5520A7E41600B4758D /* Build configuration list for PBXNativeTarget "DGCETableViewHeaderView" */ = {
			isa = XCConfigurationList;
			buildConfigurations = (
				14DECB5620A7E41600B4758D /* Debug */,
				14DECB5720A7E41600B4758D /* Release */,
			);
			defaultConfigurationIsVisible = 0;
			defaultConfigurationName = Release;
		};
/* End XCConfigurationList section */
	};
	rootObject = 14DECB3720A7E41600B4758D /* Project object */;
}
